
Microsoft Visual Studio Solution File, Format Version 12.00
# Visual Studio Version 17
VisualStudioVersion = 17.8.34004.107
MinimumVisualStudioVersion = 10.0.40219.1
Project("{9A19103F-16F7-4668-BE54-9A1E7A4F7556}") = "Server", "CV\Server.csproj", "{97B16244-8D57-4754-BA83-C29AFC72905B}"
EndProject
Project("{FAE04EC0-301F-11D3-BF4B-00C04F79EFBC}") = "Infrastructure", "Infrastructure\Infrastructure.csproj", "{5CE04DD7-A4DD-4083-8F5D-BBEACC7D9D1C}"
EndProject
Project("{FAE04EC0-301F-11D3-BF4B-00C04F79EFBC}") = "Application", "Application\Application.csproj", "{188BD3AA-D0DB-4515-8860-ED932BA6BBCB}"
EndProject
Project("{FAE04EC0-301F-11D3-BF4B-00C04F79EFBC}") = "Models", "Models\Models.csproj", "{18FE15FF-7DE9-49AE-974F-83F4B884EC88}"
EndProject
Global
	GlobalSection(SolutionConfigurationPlatforms) = preSolution
		Debug|Any CPU = Debug|Any CPU
		Release|Any CPU = Release|Any CPU
	EndGlobalSection
	GlobalSection(ProjectConfigurationPlatforms) = postSolution
		{97B16244-8D57-4754-BA83-C29AFC72905B}.Debug|Any CPU.ActiveCfg = Debug|Any CPU
		{97B16244-8D57-4754-BA83-C29AFC72905B}.Debug|Any CPU.Build.0 = Debug|Any CPU
		{97B16244-8D57-4754-BA83-C29AFC72905B}.Release|Any CPU.ActiveCfg = Release|Any CPU
		{97B16244-8D57-4754-BA83-C29AFC72905B}.Release|Any CPU.Build.0 = Release|Any CPU
		{5CE04DD7-A4DD-4083-8F5D-BBEACC7D9D1C}.Debug|Any CPU.ActiveCfg = Debug|Any CPU
		{5CE04DD7-A4DD-4083-8F5D-BBEACC7D9D1C}.Debug|Any CPU.Build.0 = Debug|Any CPU
		{5CE04DD7-A4DD-4083-8F5D-BBEACC7D9D1C}.Release|Any CPU.ActiveCfg = Release|Any CPU
		{5CE04DD7-A4DD-4083-8F5D-BBEACC7D9D1C}.Release|Any CPU.Build.0 = Release|Any CPU
		{188BD3AA-D0DB-4515-8860-ED932BA6BBCB}.Debug|Any CPU.ActiveCfg = Debug|Any CPU
		{188BD3AA-D0DB-4515-8860-ED932BA6BBCB}.Debug|Any CPU.Build.0 = Debug|Any CPU
		{188BD3AA-D0DB-4515-8860-ED932BA6BBCB}.Release|Any CPU.ActiveCfg = Release|Any CPU
		{188BD3AA-D0DB-4515-8860-ED932BA6BBCB}.Release|Any CPU.Build.0 = Release|Any CPU
		{18FE15FF-7DE9-49AE-974F-83F4B884EC88}.Debug|Any CPU.ActiveCfg = Debug|Any CPU
		{18FE15FF-7DE9-49AE-974F-83F4B884EC88}.Debug|Any CPU.Build.0 = Debug|Any CPU
		{18FE15FF-7DE9-49AE-974F-83F4B884EC88}.Release|Any CPU.ActiveCfg = Release|Any CPU
		{18FE15FF-7DE9-49AE-974F-83F4B884EC88}.Release|Any CPU.Build.0 = Release|Any CPU
	EndGlobalSection
	GlobalSection(SolutionProperties) = preSolution
		HideSolutionNode = FALSE
	EndGlobalSection
	GlobalSection(ExtensibilityGlobals) = postSolution
		SolutionGuid = {FBC0AF31-965E-4CE2-8A3B-EC62AB6FB85D}
	EndGlobalSection
EndGlobal
